// !$*UTF8*$!
{
	archiveVersion = 1;
	classes = {
	};
	objectVersion = 56;
	objects = {

/* Begin PBXBuildFile section */
		BD1C09602A88A58E00095587 /* UserDefaultValues.swift in Sources */ = {isa = PBXBuildFile; fileRef = BD1C095F2A88A58E00095587 /* UserDefaultValues.swift */; };
		BD1C09632A88A94200095587 /* DrinkView + Extension.swift in Sources */ = {isa = PBXBuildFile; fileRef = BD1C09622A88A94200095587 /* DrinkView + Extension.swift */; };
		BD1C09672A88ABDF00095587 /* OnBoardingFormView.swift in Sources */ = {isa = PBXBuildFile; fileRef = BD1C09662A88ABDF00095587 /* OnBoardingFormView.swift */; };
		BD297D9E29E40D12008B9573 /* ChooseWaterLevelTimeView.swift in Sources */ = {isa = PBXBuildFile; fileRef = BD297D9D29E40D12008B9573 /* ChooseWaterLevelTimeView.swift */; };
		BD299C722A88B764005C1756 /* GlassView.swift in Sources */ = {isa = PBXBuildFile; fileRef = BD299C712A88B764005C1756 /* GlassView.swift */; };
		BD299C752A88C19B005C1756 /* HelperFunctions.swift in Sources */ = {isa = PBXBuildFile; fileRef = BD299C742A88C19B005C1756 /* HelperFunctions.swift */; };
		BD299C772A88C73C005C1756 /* SettingsFormView.swift in Sources */ = {isa = PBXBuildFile; fileRef = BD299C762A88C73C005C1756 /* SettingsFormView.swift */; };
		BD299C7B2A88CE26005C1756 /* SheetChevronIcon.swift in Sources */ = {isa = PBXBuildFile; fileRef = BD299C7A2A88CE26005C1756 /* SheetChevronIcon.swift */; };
		BD299C7D2A88CF63005C1756 /* DrinkButtonView.swift in Sources */ = {isa = PBXBuildFile; fileRef = BD299C7C2A88CF63005C1756 /* DrinkButtonView.swift */; };
		BD8F62C52A88DA4B0059A6AB /* UndoDrinkButtonView.swift in Sources */ = {isa = PBXBuildFile; fileRef = BD8F62C42A88DA4B0059A6AB /* UndoDrinkButtonView.swift */; };
		BD8F62C72A8A0C250059A6AB /* FormTimerAndWaterLevelView.swift in Sources */ = {isa = PBXBuildFile; fileRef = BD8F62C62A8A0C250059A6AB /* FormTimerAndWaterLevelView.swift */; };
		BD8F62C92A8A0E410059A6AB /* PickerValues.swift in Sources */ = {isa = PBXBuildFile; fileRef = BD8F62C82A8A0E410059A6AB /* PickerValues.swift */; };
		BD989E3629E5318D00A9BFA2 /* DrinkTrackerView.swift in Sources */ = {isa = PBXBuildFile; fileRef = BD989E3529E5318D00A9BFA2 /* DrinkTrackerView.swift */; };
		BDD9BFFC29D6CB2B00942501 /* WaterTestApp.swift in Sources */ = {isa = PBXBuildFile; fileRef = BDD9BFFB29D6CB2B00942501 /* WaterTestApp.swift */; };
		BDD9C00029D6CB2C00942501 /* Assets.xcassets in Resources */ = {isa = PBXBuildFile; fileRef = BDD9BFFF29D6CB2C00942501 /* Assets.xcassets */; };
		BDD9C00329D6CB2C00942501 /* Preview Assets.xcassets in Resources */ = {isa = PBXBuildFile; fileRef = BDD9C00229D6CB2C00942501 /* Preview Assets.xcassets */; };
		BDD9C00C29D8BB0000942501 /* WelcomeView.swift in Sources */ = {isa = PBXBuildFile; fileRef = BDD9C00B29D8BB0000942501 /* WelcomeView.swift */; };
		BDD9C00E29D8C03B00942501 /* UserDataInputView.swift in Sources */ = {isa = PBXBuildFile; fileRef = BDD9C00D29D8C03B00942501 /* UserDataInputView.swift */; };
		BDD9C01029D9522500942501 /* CalculationResultView.swift in Sources */ = {isa = PBXBuildFile; fileRef = BDD9C00F29D9522500942501 /* CalculationResultView.swift */; };
/* End PBXBuildFile section */

/* Begin PBXFileReference section */
		BD1C095F2A88A58E00095587 /* UserDefaultValues.swift */ = {isa = PBXFileReference; lastKnownFileType = sourcecode.swift; path = UserDefaultValues.swift; sourceTree = "<group>"; };
		BD1C09622A88A94200095587 /* DrinkView + Extension.swift */ = {isa = PBXFileReference; lastKnownFileType = sourcecode.swift; path = "DrinkView + Extension.swift"; sourceTree = "<group>"; };
		BD1C09662A88ABDF00095587 /* OnBoardingFormView.swift */ = {isa = PBXFileReference; lastKnownFileType = sourcecode.swift; path = OnBoardingFormView.swift; sourceTree = "<group>"; };
		BD297D9D29E40D12008B9573 /* ChooseWaterLevelTimeView.swift */ = {isa = PBXFileReference; lastKnownFileType = sourcecode.swift; path = ChooseWaterLevelTimeView.swift; sourceTree = "<group>"; };
		BD299C712A88B764005C1756 /* GlassView.swift */ = {isa = PBXFileReference; lastKnownFileType = sourcecode.swift; path = GlassView.swift; sourceTree = "<group>"; };
		BD299C742A88C19B005C1756 /* HelperFunctions.swift */ = {isa = PBXFileReference; lastKnownFileType = sourcecode.swift; path = HelperFunctions.swift; sourceTree = "<group>"; };
		BD299C762A88C73C005C1756 /* SettingsFormView.swift */ = {isa = PBXFileReference; lastKnownFileType = sourcecode.swift; path = SettingsFormView.swift; sourceTree = "<group>"; };
		BD299C7A2A88CE26005C1756 /* SheetChevronIcon.swift */ = {isa = PBXFileReference; lastKnownFileType = sourcecode.swift; path = SheetChevronIcon.swift; sourceTree = "<group>"; };
		BD299C7C2A88CF63005C1756 /* DrinkButtonView.swift */ = {isa = PBXFileReference; lastKnownFileType = sourcecode.swift; path = DrinkButtonView.swift; sourceTree = "<group>"; };
		BD8F62C42A88DA4B0059A6AB /* UndoDrinkButtonView.swift */ = {isa = PBXFileReference; lastKnownFileType = sourcecode.swift; path = UndoDrinkButtonView.swift; sourceTree = "<group>"; };
		BD8F62C62A8A0C250059A6AB /* FormTimerAndWaterLevelView.swift */ = {isa = PBXFileReference; lastKnownFileType = sourcecode.swift; path = FormTimerAndWaterLevelView.swift; sourceTree = "<group>"; };
		BD8F62C82A8A0E410059A6AB /* PickerValues.swift */ = {isa = PBXFileReference; lastKnownFileType = sourcecode.swift; path = PickerValues.swift; sourceTree = "<group>"; };
		BD989E3529E5318D00A9BFA2 /* DrinkTrackerView.swift */ = {isa = PBXFileReference; lastKnownFileType = sourcecode.swift; path = DrinkTrackerView.swift; sourceTree = "<group>"; };
		BDD9BFF829D6CB2B00942501 /* WaterTest.app */ = {isa = PBXFileReference; explicitFileType = wrapper.application; includeInIndex = 0; path = WaterTest.app; sourceTree = BUILT_PRODUCTS_DIR; };
		BDD9BFFB29D6CB2B00942501 /* WaterTestApp.swift */ = {isa = PBXFileReference; lastKnownFileType = sourcecode.swift; path = WaterTestApp.swift; sourceTree = "<group>"; };
		BDD9BFFF29D6CB2C00942501 /* Assets.xcassets */ = {isa = PBXFileReference; lastKnownFileType = folder.assetcatalog; path = Assets.xcassets; sourceTree = "<group>"; };
		BDD9C00229D6CB2C00942501 /* Preview Assets.xcassets */ = {isa = PBXFileReference; lastKnownFileType = folder.assetcatalog; path = "Preview Assets.xcassets"; sourceTree = "<group>"; };
		BDD9C00B29D8BB0000942501 /* WelcomeView.swift */ = {isa = PBXFileReference; lastKnownFileType = sourcecode.swift; path = WelcomeView.swift; sourceTree = "<group>"; };
		BDD9C00D29D8C03B00942501 /* UserDataInputView.swift */ = {isa = PBXFileReference; lastKnownFileType = sourcecode.swift; path = UserDataInputView.swift; sourceTree = "<group>"; };
		BDD9C00F29D9522500942501 /* CalculationResultView.swift */ = {isa = PBXFileReference; lastKnownFileType = sourcecode.swift; path = CalculationResultView.swift; sourceTree = "<group>"; };
/* End PBXFileReference section */

/* Begin PBXFrameworksBuildPhase section */
		BDD9BFF529D6CB2B00942501 /* Frameworks */ = {
			isa = PBXFrameworksBuildPhase;
			buildActionMask = 2147483647;
			files = (
			);
			runOnlyForDeploymentPostprocessing = 0;
		};
/* End PBXFrameworksBuildPhase section */

/* Begin PBXGroup section */
		BD1C095E2A88A57C00095587 /* Models */ = {
			isa = PBXGroup;
			children = (
				BD1C095F2A88A58E00095587 /* UserDefaultValues.swift */,
				BD8F62C82A8A0E410059A6AB /* PickerValues.swift */,
			);
			name = Models;
			sourceTree = "<group>";
		};
		BD1C09612A88A92400095587 /* Extensions */ = {
			isa = PBXGroup;
			children = (
				BD1C09622A88A94200095587 /* DrinkView + Extension.swift */,
			);
			name = Extensions;
			sourceTree = "<group>";
		};
		BD1C09652A88ABB200095587 /* ViewModels */ = {
			isa = PBXGroup;
			children = (
				BD1C09662A88ABDF00095587 /* OnBoardingFormView.swift */,
				BD299C762A88C73C005C1756 /* SettingsFormView.swift */,
				BD8F62C62A8A0C250059A6AB /* FormTimerAndWaterLevelView.swift */,
			);
			name = ViewModels;
			sourceTree = "<group>";
		};
		BD299C702A88B754005C1756 /* Views */ = {
			isa = PBXGroup;
			children = (
				BD989E3529E5318D00A9BFA2 /* DrinkTrackerView.swift */,
				BD297D9D29E40D12008B9573 /* ChooseWaterLevelTimeView.swift */,
				BDD9C00B29D8BB0000942501 /* WelcomeView.swift */,
				BDD9C00F29D9522500942501 /* CalculationResultView.swift */,
				BDD9C00D29D8C03B00942501 /* UserDataInputView.swift */,
				BD299C712A88B764005C1756 /* GlassView.swift */,
				BD299C7A2A88CE26005C1756 /* SheetChevronIcon.swift */,
				BD299C7C2A88CF63005C1756 /* DrinkButtonView.swift */,
				BD8F62C42A88DA4B0059A6AB /* UndoDrinkButtonView.swift */,
			);
			name = Views;
			sourceTree = "<group>";
		};
		BD299C732A88C17F005C1756 /* HelperFunctions */ = {
			isa = PBXGroup;
			children = (
				BD299C742A88C19B005C1756 /* HelperFunctions.swift */,
			);
			name = HelperFunctions;
			sourceTree = "<group>";
		};
		BDD9BFEF29D6CB2B00942501 = {
			isa = PBXGroup;
			children = (
				BDD9BFFA29D6CB2B00942501 /* WaterTest */,
				BDD9BFF929D6CB2B00942501 /* Products */,
			);
			sourceTree = "<group>";
		};
		BDD9BFF929D6CB2B00942501 /* Products */ = {
			isa = PBXGroup;
			children = (
				BDD9BFF829D6CB2B00942501 /* WaterTest.app */,
			);
			name = Products;
			sourceTree = "<group>";
		};
		BDD9BFFA29D6CB2B00942501 /* WaterTest */ = {
			isa = PBXGroup;
			children = (
				BD299C732A88C17F005C1756 /* HelperFunctions */,
				BD299C702A88B754005C1756 /* Views */,
				BD1C09652A88ABB200095587 /* ViewModels */,
				BD1C09612A88A92400095587 /* Extensions */,
				BD1C095E2A88A57C00095587 /* Models */,
				BDD9BFFB29D6CB2B00942501 /* WaterTestApp.swift */,
				BDD9BFFF29D6CB2C00942501 /* Assets.xcassets */,
				BDD9C00129D6CB2C00942501 /* Preview Content */,
			);
			path = WaterTest;
			sourceTree = "<group>";
		};
		BDD9C00129D6CB2C00942501 /* Preview Content */ = {
			isa = PBXGroup;
			children = (
				BDD9C00229D6CB2C00942501 /* Preview Assets.xcassets */,
			);
			path = "Preview Content";
			sourceTree = "<group>";
		};
/* End PBXGroup section */

/* Begin PBXNativeTarget section */
		BDD9BFF729D6CB2B00942501 /* WaterTest */ = {
			isa = PBXNativeTarget;
			buildConfigurationList = BDD9C00629D6CB2C00942501 /* Build configuration list for PBXNativeTarget "WaterTest" */;
			buildPhases = (
				BDD9BFF429D6CB2B00942501 /* Sources */,
				BDD9BFF529D6CB2B00942501 /* Frameworks */,
				BDD9BFF629D6CB2B00942501 /* Resources */,
			);
			buildRules = (
			);
			dependencies = (
			);
			name = WaterTest;
			productName = WaterTest;
			productReference = BDD9BFF829D6CB2B00942501 /* WaterTest.app */;
			productType = "com.apple.product-type.application";
		};
/* End PBXNativeTarget section */

/* Begin PBXProject section */
		BDD9BFF029D6CB2B00942501 /* Project object */ = {
			isa = PBXProject;
			attributes = {
				BuildIndependentTargetsInParallel = 1;
				LastSwiftUpdateCheck = 1420;
				LastUpgradeCheck = 1420;
				TargetAttributes = {
					BDD9BFF729D6CB2B00942501 = {
						CreatedOnToolsVersion = 14.2;
					};
				};
			};
			buildConfigurationList = BDD9BFF329D6CB2B00942501 /* Build configuration list for PBXProject "WaterTest" */;
			compatibilityVersion = "Xcode 14.0";
			developmentRegion = en;
			hasScannedForEncodings = 0;
			knownRegions = (
				en,
				Base,
			);
			mainGroup = BDD9BFEF29D6CB2B00942501;
			productRefGroup = BDD9BFF929D6CB2B00942501 /* Products */;
			projectDirPath = "";
			projectRoot = "";
			targets = (
				BDD9BFF729D6CB2B00942501 /* WaterTest */,
			);
		};
/* End PBXProject section */

/* Begin PBXResourcesBuildPhase section */
		BDD9BFF629D6CB2B00942501 /* Resources */ = {
			isa = PBXResourcesBuildPhase;
			buildActionMask = 2147483647;
			files = (
				BDD9C00329D6CB2C00942501 /* Preview Assets.xcassets in Resources */,
				BDD9C00029D6CB2C00942501 /* Assets.xcassets in Resources */,
			);
			runOnlyForDeploymentPostprocessing = 0;
		};
/* End PBXResourcesBuildPhase section */

/* Begin PBXSourcesBuildPhase section */
		BDD9BFF429D6CB2B00942501 /* Sources */ = {
			isa = PBXSourcesBuildPhase;
			buildActionMask = 2147483647;
			files = (
				BDD9C00E29D8C03B00942501 /* UserDataInputView.swift in Sources */,
				BD299C7D2A88CF63005C1756 /* DrinkButtonView.swift in Sources */,
				BD1C09632A88A94200095587 /* DrinkView + Extension.swift in Sources */,
				BD1C09672A88ABDF00095587 /* OnBoardingFormView.swift in Sources */,
				BD297D9E29E40D12008B9573 /* ChooseWaterLevelTimeView.swift in Sources */,
				BD8F62C52A88DA4B0059A6AB /* UndoDrinkButtonView.swift in Sources */,
				BD299C752A88C19B005C1756 /* HelperFunctions.swift in Sources */,
				BDD9C01029D9522500942501 /* CalculationResultView.swift in Sources */,
				BD8F62C72A8A0C250059A6AB /* FormTimerAndWaterLevelView.swift in Sources */,
				BD8F62C92A8A0E410059A6AB /* PickerValues.swift in Sources */,
				BD989E3629E5318D00A9BFA2 /* DrinkTrackerView.swift in Sources */,
				BDD9BFFC29D6CB2B00942501 /* WaterTestApp.swift in Sources */,
				BD299C772A88C73C005C1756 /* SettingsFormView.swift in Sources */,
				BD299C722A88B764005C1756 /* GlassView.swift in Sources */,
				BD1C09602A88A58E00095587 /* UserDefaultValues.swift in Sources */,
				BD299C7B2A88CE26005C1756 /* SheetChevronIcon.swift in Sources */,
				BDD9C00C29D8BB0000942501 /* WelcomeView.swift in Sources */,
			);
			runOnlyForDeploymentPostprocessing = 0;
		};
/* End PBXSourcesBuildPhase section */

/* Begin XCBuildConfiguration section */
		BDD9C00429D6CB2C00942501 /* Debug */ = {
			isa = XCBuildConfiguration;
			buildSettings = {
				ALWAYS_SEARCH_USER_PATHS = NO;
				CLANG_ANALYZER_NONNULL = YES;
				CLANG_ANALYZER_NUMBER_OBJECT_CONVERSION = YES_AGGRESSIVE;
				CLANG_CXX_LANGUAGE_STANDARD = "gnu++20";
				CLANG_ENABLE_MODULES = YES;
				CLANG_ENABLE_OBJC_ARC = YES;
				CLANG_ENABLE_OBJC_WEAK = YES;
				CLANG_WARN_BLOCK_CAPTURE_AUTORELEASING = YES;
				CLANG_WARN_BOOL_CONVERSION = YES;
				CLANG_WARN_COMMA = YES;
				CLANG_WARN_CONSTANT_CONVERSION = YES;
				CLANG_WARN_DEPRECATED_OBJC_IMPLEMENTATIONS = YES;
				CLANG_WARN_DIRECT_OBJC_ISA_USAGE = YES_ERROR;
				CLANG_WARN_DOCUMENTATION_COMMENTS = YES;
				CLANG_WARN_EMPTY_BODY = YES;
				CLANG_WARN_ENUM_CONVERSION = YES;
				CLANG_WARN_INFINITE_RECURSION = YES;
				CLANG_WARN_INT_CONVERSION = YES;
				CLANG_WARN_NON_LITERAL_NULL_CONVERSION = YES;
				CLANG_WARN_OBJC_IMPLICIT_RETAIN_SELF = YES;
				CLANG_WARN_OBJC_LITERAL_CONVERSION = YES;
				CLANG_WARN_OBJC_ROOT_CLASS = YES_ERROR;
				CLANG_WARN_QUOTED_INCLUDE_IN_FRAMEWORK_HEADER = YES;
				CLANG_WARN_RANGE_LOOP_ANALYSIS = YES;
				CLANG_WARN_STRICT_PROTOTYPES = YES;
				CLANG_WARN_SUSPICIOUS_MOVE = YES;
				CLANG_WARN_UNGUARDED_AVAILABILITY = YES_AGGRESSIVE;
				CLANG_WARN_UNREACHABLE_CODE = YES;
				CLANG_WARN__DUPLICATE_METHOD_MATCH = YES;
				COPY_PHASE_STRIP = NO;
				DEBUG_INFORMATION_FORMAT = dwarf;
				ENABLE_STRICT_OBJC_MSGSEND = YES;
				ENABLE_TESTABILITY = YES;
				GCC_C_LANGUAGE_STANDARD = gnu11;
				GCC_DYNAMIC_NO_PIC = NO;
				GCC_NO_COMMON_BLOCKS = YES;
				GCC_OPTIMIZATION_LEVEL = 0;
				GCC_PREPROCESSOR_DEFINITIONS = (
					"DEBUG=1",
					"$(inherited)",
				);
				GCC_WARN_64_TO_32_BIT_CONVERSION = YES;
				GCC_WARN_ABOUT_RETURN_TYPE = YES_ERROR;
				GCC_WARN_UNDECLARED_SELECTOR = YES;
				GCC_WARN_UNINITIALIZED_AUTOS = YES_AGGRESSIVE;
				GCC_WARN_UNUSED_FUNCTION = YES;
				GCC_WARN_UNUSED_VARIABLE = YES;
				IPHONEOS_DEPLOYMENT_TARGET = 16.2;
				MTL_ENABLE_DEBUG_INFO = INCLUDE_SOURCE;
				MTL_FAST_MATH = YES;
				ONLY_ACTIVE_ARCH = YES;
				SDKROOT = iphoneos;
				SWIFT_ACTIVE_COMPILATION_CONDITIONS = DEBUG;
				SWIFT_OPTIMIZATION_LEVEL = "-Onone";
			};
			name = Debug;
		};
		BDD9C00529D6CB2C00942501 /* Release */ = {
			isa = XCBuildConfiguration;
			buildSettings = {
				ALWAYS_SEARCH_USER_PATHS = NO;
				CLANG_ANALYZER_NONNULL = YES;
				CLANG_ANALYZER_NUMBER_OBJECT_CONVERSION = YES_AGGRESSIVE;
				CLANG_CXX_LANGUAGE_STANDARD = "gnu++20";
				CLANG_ENABLE_MODULES = YES;
				CLANG_ENABLE_OBJC_ARC = YES;
				CLANG_ENABLE_OBJC_WEAK = YES;
				CLANG_WARN_BLOCK_CAPTURE_AUTORELEASING = YES;
				CLANG_WARN_BOOL_CONVERSION = YES;
				CLANG_WARN_COMMA = YES;
				CLANG_WARN_CONSTANT_CONVERSION = YES;
				CLANG_WARN_DEPRECATED_OBJC_IMPLEMENTATIONS = YES;
				CLANG_WARN_DIRECT_OBJC_ISA_USAGE = YES_ERROR;
				CLANG_WARN_DOCUMENTATION_COMMENTS = YES;
				CLANG_WARN_EMPTY_BODY = YES;
				CLANG_WARN_ENUM_CONVERSION = YES;
				CLANG_WARN_INFINITE_RECURSION = YES;
				CLANG_WARN_INT_CONVERSION = YES;
				CLANG_WARN_NON_LITERAL_NULL_CONVERSION = YES;
				CLANG_WARN_OBJC_IMPLICIT_RETAIN_SELF = YES;
				CLANG_WARN_OBJC_LITERAL_CONVERSION = YES;
				CLANG_WARN_OBJC_ROOT_CLASS = YES_ERROR;
				CLANG_WARN_QUOTED_INCLUDE_IN_FRAMEWORK_HEADER = YES;
				CLANG_WARN_RANGE_LOOP_ANALYSIS = YES;
				CLANG_WARN_STRICT_PROTOTYPES = YES;
				CLANG_WARN_SUSPICIOUS_MOVE = YES;
				CLANG_WARN_UNGUARDED_AVAILABILITY = YES_AGGRESSIVE;
				CLANG_WARN_UNREACHABLE_CODE = YES;
				CLANG_WARN__DUPLICATE_METHOD_MATCH = YES;
				COPY_PHASE_STRIP = NO;
				DEBUG_INFORMATION_FORMAT = "dwarf-with-dsym";
				ENABLE_NS_ASSERTIONS = NO;
				ENABLE_STRICT_OBJC_MSGSEND = YES;
				GCC_C_LANGUAGE_STANDARD = gnu11;
				GCC_NO_COMMON_BLOCKS = YES;
				GCC_WARN_64_TO_32_BIT_CONVERSION = YES;
				GCC_WARN_ABOUT_RETURN_TYPE = YES_ERROR;
				GCC_WARN_UNDECLARED_SELECTOR = YES;
				GCC_WARN_UNINITIALIZED_AUTOS = YES_AGGRESSIVE;
				GCC_WARN_UNUSED_FUNCTION = YES;
				GCC_WARN_UNUSED_VARIABLE = YES;
				IPHONEOS_DEPLOYMENT_TARGET = 16.2;
				MTL_ENABLE_DEBUG_INFO = NO;
				MTL_FAST_MATH = YES;
				SDKROOT = iphoneos;
				SWIFT_COMPILATION_MODE = wholemodule;
				SWIFT_OPTIMIZATION_LEVEL = "-O";
				VALIDATE_PRODUCT = YES;
			};
			name = Release;
		};
		BDD9C00729D6CB2C00942501 /* Debug */ = {
			isa = XCBuildConfiguration;
			buildSettings = {
				ASSETCATALOG_COMPILER_APPICON_NAME = AppIcon;
				ASSETCATALOG_COMPILER_GLOBAL_ACCENT_COLOR_NAME = AccentColor;
				ASSETCATALOG_COMPILER_INCLUDE_ALL_APPICON_ASSETS = YES;
				CODE_SIGN_STYLE = Automatic;
				CURRENT_PROJECT_VERSION = 1;
				DEVELOPMENT_ASSET_PATHS = "\"WaterTest/Preview Content\"";
				DEVELOPMENT_TEAM = F8U2R4K53M;
				ENABLE_PREVIEWS = YES;
				GENERATE_INFOPLIST_FILE = YES;
				INFOPLIST_KEY_CFBundleDisplayName = Hybit;
				INFOPLIST_KEY_LSApplicationCategoryType = "public.app-category.lifestyle";
				INFOPLIST_KEY_UIApplicationSceneManifest_Generation = YES;
				INFOPLIST_KEY_UIApplicationSupportsIndirectInputEvents = YES;
				INFOPLIST_KEY_UILaunchScreen_Generation = YES;
				INFOPLIST_KEY_UISupportedInterfaceOrientations = UIInterfaceOrientationPortrait;
				INFOPLIST_KEY_UISupportedInterfaceOrientations_iPad = "UIInterfaceOrientationLandscapeLeft UIInterfaceOrientationLandscapeRight UIInterfaceOrientationPortrait UIInterfaceOrientationPortraitUpsideDown";
				LD_RUNPATH_SEARCH_PATHS = (
					"$(inherited)",
					"@executable_path/Frameworks",
				);
				MARKETING_VERSION = 1.0;
				PRODUCT_BUNDLE_IDENTIFIER = com.abun.WaterTest;
				PRODUCT_NAME = "$(TARGET_NAME)";
				SWIFT_EMIT_LOC_STRINGS = YES;
				SWIFT_VERSION = 5.0;
				TARGETED_DEVICE_FAMILY = "1,2";
			};
			name = Debug;
		};
		BDD9C00829D6CB2C00942501 /* Release */ = {
			isa = XCBuildConfiguration;
			buildSettings = {
				ASSETCATALOG_COMPILER_APPICON_NAME = AppIcon;
				ASSETCATALOG_COMPILER_GLOBAL_ACCENT_COLOR_NAME = AccentColor;
				ASSETCATALOG_COMPILER_INCLUDE_ALL_APPICON_ASSETS = YES;
				CODE_SIGN_STYLE = Automatic;
				CURRENT_PROJECT_VERSION = 1;
				DEVELOPMENT_ASSET_PATHS = "\"WaterTest/Preview Content\"";
				DEVELOPMENT_TEAM = F8U2R4K53M;
				ENABLE_PREVIEWS = YES;
				GENERATE_INFOPLIST_FILE = YES;
				INFOPLIST_KEY_CFBundleDisplayName = Hybit;
				INFOPLIST_KEY_LSApplicationCategoryType = "public.app-category.lifestyle";
				INFOPLIST_KEY_UIApplicationSceneManifest_Generation = YES;
				INFOPLIST_KEY_UIApplicationSupportsIndirectInputEvents = YES;
				INFOPLIST_KEY_UILaunchScreen_Generation = YES;
				INFOPLIST_KEY_UISupportedInterfaceOrientations = UIInterfaceOrientationPortrait;
				INFOPLIST_KEY_UISupportedInterfaceOrientations_iPad = "UIInterfaceOrientationLandscapeLeft UIInterfaceOrientationLandscapeRight UIInterfaceOrientationPortrait UIInterfaceOrientationPortraitUpsideDown";
				LD_RUNPATH_SEARCH_PATHS = (
					"$(inherited)",
					"@executable_path/Frameworks",
				);
				MARKETING_VERSION = 1.0;
				PRODUCT_BUNDLE_IDENTIFIER = com.abun.WaterTest;
				PRODUCT_NAME = "$(TARGET_NAME)";
				SWIFT_EMIT_LOC_STRINGS = YES;
				SWIFT_VERSION = 5.0;
				TARGETED_DEVICE_FAMILY = "1,2";
			};
			name = Release;
		};
/* End XCBuildConfiguration section */

/* Begin XCConfigurationList section */
		BDD9BFF329D6CB2B00942501 /* Build configuration list for PBXProject "WaterTest" */ = {
			isa = XCConfigurationList;
			buildConfigurations = (
				BDD9C00429D6CB2C00942501 /* Debug */,
				BDD9C00529D6CB2C00942501 /* Release */,
			);
			defaultConfigurationIsVisible = 0;
			defaultConfigurationName = Release;
		};
		BDD9C00629D6CB2C00942501 /* Build configuration list for PBXNativeTarget "WaterTest" */ = {
			isa = XCConfigurationList;
			buildConfigurations = (
				BDD9C00729D6CB2C00942501 /* Debug */,
				BDD9C00829D6CB2C00942501 /* Release */,
			);
			defaultConfigurationIsVisible = 0;
			defaultConfigurationName = Release;
		};
/* End XCConfigurationList section */
	};
	rootObject = BDD9BFF029D6CB2B00942501 /* Project object */;
}
